
Microsoft Visual Studio Solution File, Format Version 12.00
# Visual Studio Version 16
VisualStudioVersion = 16.0.28803.352
MinimumVisualStudioVersion = 10.0.40219.1
Project("{FAE04EC0-301F-11D3-BF4B-00C04F79EFBC}") = "BinarySearchTree", "BinarySearchTree\BinarySearchTree.csproj", "{C5120269-8233-4F58-B29F-EFDA8804BFD9}"
EndProject
Global
	GlobalSection(SolutionConfigurationPlatforms) = preSolution
		Debug|Any CPU = Debug|Any CPU
		Release|Any CPU = Release|Any CPU
	EndGlobalSection
	GlobalSection(ProjectConfigurationPlatforms) = postSolution
		{C5120269-8233-4F58-B29F-EFDA8804BFD9}.Debug|Any CPU.ActiveCfg = Debug|Any CPU
		{C5120269-8233-4F58-B29F-EFDA8804BFD9}.Debug|Any CPU.Build.0 = Debug|Any CPU
		{C5120269-8233-4F58-B29F-EFDA8804BFD9}.Release|Any CPU.ActiveCfg = Release|Any CPU
		{C5120269-8233-4F58-B29F-EFDA8804BFD9}.Release|Any CPU.Build.0 = Release|Any CPU
	EndGlobalSection
	GlobalSection(SolutionProperties) = preSolution
		HideSolutionNode = FALSE
	EndGlobalSection
	GlobalSection(ExtensibilityGlobals) = postSolution
		SolutionGuid = {1D55AF59-DA7F-42D8-995D-69770F6040D0}
	EndGlobalSection
EndGlobal
